
Microsoft Visual Studio Solution File, Format Version 12.00
# Visual Studio 15
VisualStudioVersion = 15.0.27130.2010
MinimumVisualStudioVersion = 10.0.40219.1
Project("{9A19103F-16F7-4668-BE54-9A1E7A4F7556}") = "TheDialgaTeam.DiscordBot", "TheDialgaTeam.DiscordBot\TheDialgaTeam.DiscordBot.csproj", "{A5DB3D7F-6436-498A-AEC6-F726976CD7CD}"
EndProject
Project("{9A19103F-16F7-4668-BE54-9A1E7A4F7556}") = "Discord.Net.Rest", "Discord.Net\src\Discord.Net.Rest\Discord.Net.Rest.csproj", "{9215FC81-CBB8-4EFB-B455-99296FB4326E}"
EndProject
Project("{9A19103F-16F7-4668-BE54-9A1E7A4F7556}") = "Discord.Net.Core", "Discord.Net\src\Discord.Net.Core\Discord.Net.Core.csproj", "{AB6F3B27-60CD-43E9-8AFC-DF2D82C8FE62}"
EndProject
Project("{9A19103F-16F7-4668-BE54-9A1E7A4F7556}") = "Discord.Net.Commands", "Discord.Net\src\Discord.Net.Commands\Discord.Net.Commands.csproj", "{2EFA6A29-B66D-4F2A-8940-87A6827A9420}"
EndProject
Project("{9A19103F-16F7-4668-BE54-9A1E7A4F7556}") = "Discord.Net.WebSocket", "Discord.Net\src\Discord.Net.WebSocket\Discord.Net.WebSocket.csproj", "{ABC8E277-5592-4E3C-AFC1-DF822A11EDF5}"
EndProject
Project("{2150E333-8FDC-42A3-9474-1A3956D46DE8}") = "Discord.Net", "Discord.Net", "{4CE937D8-2CA2-4BDE-8165-8A0A33448DE9}"
EndProject
Project("{2150E333-8FDC-42A3-9474-1A3956D46DE8}") = "TheDialgaTeam", "TheDialgaTeam", "{371DDD9F-A1A4-4D90-9ABE-85EC81A30BE6}"
EndProject
Project("{FAE04EC0-301F-11D3-BF4B-00C04F79EFBC}") = "TheDialgaTeam.Discord.Bot", "TheDialgaTeam.Discord.Bot\TheDialgaTeam.Discord.Bot.csproj", "{00FBDC35-98D0-4A63-A390-4C8961A6C05E}"
EndProject
Global
	GlobalSection(SolutionConfigurationPlatforms) = preSolution
		Debug|Any CPU = Debug|Any CPU
		Release|Any CPU = Release|Any CPU
	EndGlobalSection
	GlobalSection(ProjectConfigurationPlatforms) = postSolution
		{A5DB3D7F-6436-498A-AEC6-F726976CD7CD}.Debug|Any CPU.ActiveCfg = Debug|Any CPU
		{A5DB3D7F-6436-498A-AEC6-F726976CD7CD}.Debug|Any CPU.Build.0 = Debug|Any CPU
		{A5DB3D7F-6436-498A-AEC6-F726976CD7CD}.Release|Any CPU.ActiveCfg = Release|Any CPU
		{A5DB3D7F-6436-498A-AEC6-F726976CD7CD}.Release|Any CPU.Build.0 = Release|Any CPU
		{9215FC81-CBB8-4EFB-B455-99296FB4326E}.Debug|Any CPU.ActiveCfg = Debug|Any CPU
		{9215FC81-CBB8-4EFB-B455-99296FB4326E}.Debug|Any CPU.Build.0 = Debug|Any CPU
		{9215FC81-CBB8-4EFB-B455-99296FB4326E}.Release|Any CPU.ActiveCfg = Release|Any CPU
		{9215FC81-CBB8-4EFB-B455-99296FB4326E}.Release|Any CPU.Build.0 = Release|Any CPU
		{AB6F3B27-60CD-43E9-8AFC-DF2D82C8FE62}.Debug|Any CPU.ActiveCfg = Debug|Any CPU
		{AB6F3B27-60CD-43E9-8AFC-DF2D82C8FE62}.Debug|Any CPU.Build.0 = Debug|Any CPU
		{AB6F3B27-60CD-43E9-8AFC-DF2D82C8FE62}.Release|Any CPU.ActiveCfg = Release|Any CPU
		{AB6F3B27-60CD-43E9-8AFC-DF2D82C8FE62}.Release|Any CPU.Build.0 = Release|Any CPU
		{2EFA6A29-B66D-4F2A-8940-87A6827A9420}.Debug|Any CPU.ActiveCfg = Debug|Any CPU
		{2EFA6A29-B66D-4F2A-8940-87A6827A9420}.Debug|Any CPU.Build.0 = Debug|Any CPU
		{2EFA6A29-B66D-4F2A-8940-87A6827A9420}.Release|Any CPU.ActiveCfg = Release|Any CPU
		{2EFA6A29-B66D-4F2A-8940-87A6827A9420}.Release|Any CPU.Build.0 = Release|Any CPU
		{ABC8E277-5592-4E3C-AFC1-DF822A11EDF5}.Debug|Any CPU.ActiveCfg = Debug|Any CPU
		{ABC8E277-5592-4E3C-AFC1-DF822A11EDF5}.Debug|Any CPU.Build.0 = Debug|Any CPU
		{ABC8E277-5592-4E3C-AFC1-DF822A11EDF5}.Release|Any CPU.ActiveCfg = Release|Any CPU
		{ABC8E277-5592-4E3C-AFC1-DF822A11EDF5}.Release|Any CPU.Build.0 = Release|Any CPU
		{00FBDC35-98D0-4A63-A390-4C8961A6C05E}.Debug|Any CPU.ActiveCfg = Debug|Any CPU
		{00FBDC35-98D0-4A63-A390-4C8961A6C05E}.Debug|Any CPU.Build.0 = Debug|Any CPU
		{00FBDC35-98D0-4A63-A390-4C8961A6C05E}.Release|Any CPU.ActiveCfg = Release|Any CPU
		{00FBDC35-98D0-4A63-A390-4C8961A6C05E}.Release|Any CPU.Build.0 = Release|Any CPU
	EndGlobalSection
	GlobalSection(SolutionProperties) = preSolution
		HideSolutionNode = FALSE
	EndGlobalSection
	GlobalSection(NestedProjects) = preSolution
		{A5DB3D7F-6436-498A-AEC6-F726976CD7CD} = {371DDD9F-A1A4-4D90-9ABE-85EC81A30BE6}
		{9215FC81-CBB8-4EFB-B455-99296FB4326E} = {4CE937D8-2CA2-4BDE-8165-8A0A33448DE9}
		{AB6F3B27-60CD-43E9-8AFC-DF2D82C8FE62} = {4CE937D8-2CA2-4BDE-8165-8A0A33448DE9}
		{2EFA6A29-B66D-4F2A-8940-87A6827A9420} = {4CE937D8-2CA2-4BDE-8165-8A0A33448DE9}
		{ABC8E277-5592-4E3C-AFC1-DF822A11EDF5} = {4CE937D8-2CA2-4BDE-8165-8A0A33448DE9}
		{00FBDC35-98D0-4A63-A390-4C8961A6C05E} = {371DDD9F-A1A4-4D90-9ABE-85EC81A30BE6}
	EndGlobalSection
	GlobalSection(ExtensibilityGlobals) = postSolution
		SolutionGuid = {F4B7B4B8-AF60-4F30-808D-993508B5F16B}
	EndGlobalSection
EndGlobal
